<?xml version="1.0" encoding="UTF-8" standalone="yes" ?>
<CodeBlocks_project_file>
	<FileVersion major="1" minor="6" />
	<Project>
		<Option title="mkpsxiso" />
		<Option pch_mode="2" />
		<Option compiler="gcc" />
		<Build>
			<Target title="Release">
				<Option output="../mkpsxiso" prefix_auto="1" extension_auto="1" />
				<Option working_dir="../" />
				<Option object_output="../bin/obj" />
				<Option type="1" />
				<Option compiler="gcc" />
				<Option parameters="-y -lba listing.txt test\test.xml" />
				<Compiler>
					<Add option="-O2" />
				</Compiler>
				<Linker>
					<Add option="-s" />
				</Linker>
			</Target>
			<Target title="Debug">
				<Option output="../bin/debug/mkpsxiso_debug" prefix_auto="1" extension_auto="1" />
				<Option working_dir="../" />
				<Option object_output="../bin/debug/obj" />
				<Option type="1" />
				<Option compiler="gcc" />
				<Option parameters="-lba listing.txt test\test.xml" />
				<Compiler>
					<Add option="-g" />
				</Compiler>
			</Target>
		</Build>
		<Compiler>
			<Add option="-Wall" />
			<Add directory="/tinyxml2" />
		</Compiler>
		<Linker>
			<Add library="tinyxml2" />
			<Add directory="/tinyxml2" />
		</Linker>
		<Unit filename="cd.h" />
		<Unit filename="cdwriter.cpp" />
		<Unit filename="cdwriter.h">
			<Option target="&lt;{~None~}&gt;" />
		</Unit>
		<Unit filename="edcecc.cpp" />
		<Unit filename="edcecc.h">
			<Option target="&lt;{~None~}&gt;" />
		</Unit>
		<Unit filename="global.h">
			<Option target="&lt;{~None~}&gt;" />
		</Unit>
		<Unit filename="iso.cpp" />
		<Unit filename="iso.h">
			<Option target="&lt;{~None~}&gt;" />
		</Unit>
		<Unit filename="main.cpp" />
		<Extensions>
			<code_completion />
			<envvars />
			<debugger />
		</Extensions>
	</Project>
</CodeBlocks_project_file>
